lockfileVersion: '9.0'

settings:
  autoInstallPeers: true
  excludeLinksFromLockfile: false

importers:

  .:
    devDependencies:
      '@clack/prompts':
        specifier: ^0.11.0
        version: 0.11.0
      '@types/cross-spawn':
        specifier: ^6.0.6
        version: 6.0.6
      '@types/node':
        specifier: ^24.1.0
        version: 24.1.0
      cross-spawn:
        specifier: ^7.0.6
        version: 7.0.6
      mri:
        specifier: ^1.2.0
        version: 1.2.0
      picocolors:
        specifier: ^1.1.1
        version: 1.1.1
      typescript:
        specifier: ^5.8.3
        version: 5.8.3

packages:

  '@clack/core@0.5.0':
    resolution: {integrity: sha512-p3y0FIOwaYRUPRcMO7+dlmLh8PSRcrjuTndsiA0WAFbWES0mLZlrjVoBRZ9DzkPFJZG6KGkJmoEAY0ZcVWTkow==, tarball: http://cme.leonhan.com:3529/repository/npm-public/@clack/core/-/core-0.5.0.tgz}

  '@clack/prompts@0.11.0':
    resolution: {integrity: sha512-pMN5FcrEw9hUkZA4f+zLlzivQSeQf5dRGJjSUbvVYDLvpKCdQx5OaknvKzgbtXOizhP+SJJJjqEbOe55uKKfAw==, tarball: http://cme.leonhan.com:3529/repository/npm-public/@clack/prompts/-/prompts-0.11.0.tgz}

  '@types/cross-spawn@6.0.6':
    resolution: {integrity: sha512-fXRhhUkG4H3TQk5dBhQ7m/JDdSNHKwR2BBia62lhwEIq9xGiQKLxd6LymNhn47SjXhsUEPmxi+PKw2OkW4LLjA==, tarball: http://cme.leonhan.com:3529/repository/npm-public/@types/cross-spawn/-/cross-spawn-6.0.6.tgz}

  '@types/node@24.1.0':
    resolution: {integrity: sha512-ut5FthK5moxFKH2T1CUOC6ctR67rQRvvHdFLCD2Ql6KXmMuCrjsSsRI9UsLCm9M18BMwClv4pn327UvB7eeO1w==, tarball: http://cme.leonhan.com:3529/repository/npm-public/@types/node/-/node-24.1.0.tgz}

  cross-spawn@7.0.6:
    resolution: {integrity: sha512-uV2QOWP2nWzsy2aMp8aRibhi9dlzF5Hgh5SHaB9OiTGEyDTiJJyx0uy51QXdyWbtAHNua4XJzUKca3OzKUd3vA==, tarball: http://cme.leonhan.com:3529/repository/npm-public/cross-spawn/-/cross-spawn-7.0.6.tgz}
    engines: {node: '>= 8'}

  isexe@2.0.0:
    resolution: {integrity: sha512-RHxMLp9lnKHGHRng9QFhRCMbYAcVpn69smSGcq3f36xjgVVWThj4qqLbTLlq7Ssj8B+fIQ1EuCEGI2lKsyQeIw==, tarball: http://cme.leonhan.com:3529/repository/npm-public/isexe/-/isexe-2.0.0.tgz}

  mri@1.2.0:
    resolution: {integrity: sha512-tzzskb3bG8LvYGFF/mDTpq3jpI6Q9wc3LEmBaghu+DdCssd1FakN7Bc0hVNmEyGq1bq3RgfkCb3cmQLpNPOroA==, tarball: http://cme.leonhan.com:3529/repository/npm-public/mri/-/mri-1.2.0.tgz}
    engines: {node: '>=4'}

  path-key@3.1.1:
    resolution: {integrity: sha512-ojmeN0qd+y0jszEtoY48r0Peq5dwMEkIlCOu6Q5f41lfkswXuKtYrhgoTpLnyIcHm24Uhqx+5Tqm2InSwLhE6Q==, tarball: http://cme.leonhan.com:3529/repository/npm-public/path-key/-/path-key-3.1.1.tgz}
    engines: {node: '>=8'}

  picocolors@1.1.1:
    resolution: {integrity: sha512-xceH2snhtb5M9liqDsmEw56le376mTZkEX/jEb/RxNFyegNul7eNslCXP9FDj/Lcu0X8KEyMceP2ntpaHrDEVA==, tarball: http://cme.leonhan.com:3529/repository/npm-public/picocolors/-/picocolors-1.1.1.tgz}

  shebang-command@2.0.0:
    resolution: {integrity: sha512-kHxr2zZpYtdmrN1qDjrrX/Z1rR1kG8Dx+gkpK1G4eXmvXswmcE1hTWBWYUzlraYw1/yZp6YuDY77YtvbN0dmDA==, tarball: http://cme.leonhan.com:3529/repository/npm-public/shebang-command/-/shebang-command-2.0.0.tgz}
    engines: {node: '>=8'}

  shebang-regex@3.0.0:
    resolution: {integrity: sha512-7++dFhtcx3353uBaq8DDR4NuxBetBzC7ZQOhmTQInHEd6bSrXdiEyzCvG07Z44UYdLShWUyXt5M/yhz8ekcb1A==, tarball: http://cme.leonhan.com:3529/repository/npm-public/shebang-regex/-/shebang-regex-3.0.0.tgz}
    engines: {node: '>=8'}

  sisteransi@1.0.5:
    resolution: {integrity: sha512-bLGGlR1QxBcynn2d5YmDX4MGjlZvy2MRBDRNHLJ8VI6l6+9FUiyTFNJ0IveOSP0bcXgVDPRcfGqA0pjaqUpfVg==, tarball: http://cme.leonhan.com:3529/repository/npm-public/sisteransi/-/sisteransi-1.0.5.tgz}

  typescript@5.8.3:
    resolution: {integrity: sha512-p1diW6TqL9L07nNxvRMM7hMMw4c5XOo/1ibL4aAIGmSAt9slTE1Xgw5KWuof2uTOvCg9BY7ZRi+GaF+7sfgPeQ==, tarball: http://cme.leonhan.com:3529/repository/npm-public/typescript/-/typescript-5.8.3.tgz}
    engines: {node: '>=14.17'}
    hasBin: true

  undici-types@7.8.0:
    resolution: {integrity: sha512-9UJ2xGDvQ43tYyVMpuHlsgApydB8ZKfVYTsLDhXkFL/6gfkp+U8xTGdh8pMJv1SpZna0zxG1DwsKZsreLbXBxw==, tarball: http://cme.leonhan.com:3529/repository/npm-public/undici-types/-/undici-types-7.8.0.tgz}

  which@2.0.2:
    resolution: {integrity: sha512-BLI3Tl1TW3Pvl70l3yq3Y64i+awpwXqsGBYWkkqMtnbXgrMD+yj7rhW0kuEDxzJaYXGjEW5ogapKNMEKNMjibA==, tarball: http://cme.leonhan.com:3529/repository/npm-public/which/-/which-2.0.2.tgz}
    engines: {node: '>= 8'}
    hasBin: true

snapshots:

  '@clack/core@0.5.0':
    dependencies:
      picocolors: 1.1.1
      sisteransi: 1.0.5

  '@clack/prompts@0.11.0':
    dependencies:
      '@clack/core': 0.5.0
      picocolors: 1.1.1
      sisteransi: 1.0.5

  '@types/cross-spawn@6.0.6':
    dependencies:
      '@types/node': 24.1.0

  '@types/node@24.1.0':
    dependencies:
      undici-types: 7.8.0

  cross-spawn@7.0.6:
    dependencies:
      path-key: 3.1.1
      shebang-command: 2.0.0
      which: 2.0.2

  isexe@2.0.0: {}

  mri@1.2.0: {}

  path-key@3.1.1: {}

  picocolors@1.1.1: {}

  shebang-command@2.0.0:
    dependencies:
      shebang-regex: 3.0.0

  shebang-regex@3.0.0: {}

  sisteransi@1.0.5: {}

  typescript@5.8.3: {}

  undici-types@7.8.0: {}

  which@2.0.2:
    dependencies:
      isexe: 2.0.0
